# THIS IS AN AUTOGENERATED FILE. DO NOT EDIT THIS FILE DIRECTLY.
# yarn lockfile v1


"@slup/common@^0.5.1":
  version "0.5.1"
  resolved "https://registry.yarnpkg.com/@slup/common/-/common-0.5.1.tgz#a83d8cebdc53b00f30734938514771463d7a4e42"

stylis@3.5.0:
  version "3.5.0"
  resolved "https://registry.yarnpkg.com/stylis/-/stylis-3.5.0.tgz#016fa239663d77f868fef5b67cf201c4b7c701e1"
